schema: '2.0'
stages:
  train:
    cmd: python src/train_kmed.py
    deps:
    - path: data/raw
      hash: md5
      md5: 0c434dcbb1edd1df6187b8fcf765b0c9.dir
      size: 51293821
      nfiles: 3
    - path: src/train_kmed.py
      hash: md5
      md5: 59ed9eb5b9971a003bc86fa1e155860e
      size: 22555
    outs:
    - path: app/ml
      hash: md5
      md5: 33448ac0bf6a446381521208bdf37e11.dir
      size: 10005
      nfiles: 4
    - path: data/processed/kabupaten_boundaries.json
      hash: md5
      md5: ed0fdd9b07f400e1a2227aa5062cbbb0
      size: 5806746
    - path: data/processed/raw_features_v2.csv
      hash: md5
      md5: 9fadcf6d64e5fa131bf5caa088b06260
      size: 50146
  train_risk_map:
    cmd: python src/train_kmed.py
    deps:
    - path: data/raw
      hash: md5
      md5: 0c434dcbb1edd1df6187b8fcf765b0c9.dir
      size: 51293821
      nfiles: 3
    - path: src/train_kmed.py
      hash: md5
      md5: 2bbbf7bd897476b2a8f16f011912fbbc
      size: 21965
    outs:
    - path: app/ml/model_v2.pkl
      hash: md5
      md5: 7c1fed3fbdf963258b3d38c023556944
      size: 6710
    - path: app/ml/model_v3.pkl
      hash: md5
      md5: 9d7dd11ee74e93c656e2f1b2d33e896d
      size: 6808
    - path: app/ml/model_v4.pkl
      hash: md5
      md5: bbf21c8f1e7d0d726604a51e910f2d9b
      size: 6900
    - path: app/ml/model_v5.pkl
      hash: md5
      md5: 75ef560ad7e43d95407235d4d31ea03c
      size: 6989
  train_realtime:
    cmd: python src/train_realtime.py
    deps:
    - path: data/raw/bmkg_raw.csv
      hash: md5
      md5: 3cc5db3ae1c5aa73cf0c2497f5f999b3
      size: 14280731
    - path: data/raw/gadm41_IDN_2.json
      hash: md5
      md5: 348c151fe1864d091c81d346b5eb5321
      size: 36911995
    - path: src/train_realtime.py
      hash: md5
      md5: ce2f1e25dd36d444101677347236614d
      size: 22066
    outs:
    - path: app/ml/realtime_model_k2.pkl
      hash: md5
      md5: 34f5e62469c770abdd62d373a716fbf8
      size: 5582
    - path: app/ml/realtime_model_k3.pkl
      hash: md5
      md5: c1a46fb39a37093e0926e5c48e5c68ee
      size: 5661
    - path: app/ml/realtime_model_k4.pkl
      hash: md5
      md5: 071c56b2f61aa239747dafd65086a7ee
      size: 5734
    - path: app/ml/realtime_model_k5.pkl
      hash: md5
      md5: 777f012e1e93dd33f1fde46a8e12c5e4
      size: 5807
    - path: data/processed/kabupaten_boundaries.json
      hash: md5
      md5: ed0fdd9b07f400e1a2227aa5062cbbb0
      size: 5806746
    - path: data/processed/raw_features_realtime.csv
      hash: md5
      md5: 169651d86cb64fb41997132819f66035
      size: 42477
