schema: '2.0'
stages:
  train:
    cmd: python src/train_kmed.py
    deps:
    - path: data/raw
      hash: md5
      md5: 0c434dcbb1edd1df6187b8fcf765b0c9.dir
      size: 51293821
      nfiles: 3
    - path: src/train_kmed.py
      hash: md5
      md5: 59ed9eb5b9971a003bc86fa1e155860e
      size: 22555
    outs:
    - path: app/ml
      hash: md5
      md5: 33448ac0bf6a446381521208bdf37e11.dir
      size: 10005
      nfiles: 4
    - path: data/processed/kabupaten_boundaries.json
      hash: md5
      md5: ed0fdd9b07f400e1a2227aa5062cbbb0
      size: 5806746
    - path: data/processed/raw_features_v2.csv
      hash: md5
      md5: 9fadcf6d64e5fa131bf5caa088b06260
      size: 50146
  train_risk_map:
    cmd: python src/train_kmed.py
    deps:
    - path: data/raw
      hash: md5
      md5: 0c434dcbb1edd1df6187b8fcf765b0c9.dir
      size: 51293821
      nfiles: 3
    - path: src/train_kmed.py
      hash: md5
      md5: f483ed1d2b9a6158d8bb722f22b05480
      size: 25878
    outs:
    - path: app/ml/kmeans/static
      hash: md5
      md5: e9415d7e774f70e1f98c8767eea531f7.dir
      size: 676076
      nfiles: 4
    - path: app/ml/kmed/static
      hash: md5
      md5: c4c7755c74af2923a2ea488813a5217f.dir
      size: 845335
      nfiles: 5
  train_realtime:
    cmd: python src/train_realtime.py
    deps:
    - path: data/raw/bmkg_raw.csv
      hash: md5
      md5: 3cc5db3ae1c5aa73cf0c2497f5f999b3
      size: 14280731
    - path: data/raw/gadm41_IDN_2.json
      hash: md5
      md5: 348c151fe1864d091c81d346b5eb5321
      size: 36911995
    - path: src/realtime_helpers.py
      hash: md5
      md5: 7eb75b6939238696df7377fe4c0112dc
      size: 36190
    - path: src/train_realtime.py
      hash: md5
      md5: 02278ef38ce58e96d4b6f2817d948ca2
      size: 30160
    outs:
    - path: app/ml/kmeans/realtime
      hash: md5
      md5: 4d23b2996b42d4d9f78fd62034136085.dir
      size: 280065
      nfiles: 2
    - path: app/ml/kmed/realtime
      hash: md5
      md5: e1f6c6d97aa9c8473efac57fe96cd4c4.dir
      size: 420198
      nfiles: 3
